
Microsoft Visual Studio Solution File, Format Version 12.00
# Visual Studio Version 17
VisualStudioVersion = 17.11.35303.130
MinimumVisualStudioVersion = 10.0.40219.1
Project("{9A19103F-16F7-4668-BE54-9A1E7A4F7556}") = "WankulCrazyPlugin", "WankulCrazyPlugin.csproj", "{B6E7C32E-267E-4BBB-B5FE-1002616ED7BE}"
EndProject
Global
	GlobalSection(SolutionConfigurationPlatforms) = preSolution
		Debug|Any CPU = Debug|Any CPU
		Release|Any CPU = Release|Any CPU
		ReleaseNoDeps|Any CPU = ReleaseNoDeps|Any CPU
	EndGlobalSection
	GlobalSection(ProjectConfigurationPlatforms) = postSolution
		{B6E7C32E-267E-4BBB-B5FE-1002616ED7BE}.Debug|Any CPU.ActiveCfg = Debug|Any CPU
		{B6E7C32E-267E-4BBB-B5FE-1002616ED7BE}.Debug|Any CPU.Build.0 = Debug|Any CPU
		{B6E7C32E-267E-4BBB-B5FE-1002616ED7BE}.Release|Any CPU.ActiveCfg = Release|Any CPU
		{B6E7C32E-267E-4BBB-B5FE-1002616ED7BE}.Release|Any CPU.Build.0 = Release|Any CPU
		{B6E7C32E-267E-4BBB-B5FE-1002616ED7BE}.ReleaseNoDeps|Any CPU.ActiveCfg = ReleaseNoDeps|Any CPU
		{B6E7C32E-267E-4BBB-B5FE-1002616ED7BE}.ReleaseNoDeps|Any CPU.Build.0 = ReleaseNoDeps|Any CPU
	EndGlobalSection
	GlobalSection(SolutionProperties) = preSolution
		HideSolutionNode = FALSE
	EndGlobalSection
	GlobalSection(ExtensibilityGlobals) = postSolution
		SolutionGuid = {63BDA769-990D-4738-B2D4-C0492518B6FB}
	EndGlobalSection
EndGlobal
